{
  "originHash" : "96e0b2c5aa6295de957dc9d748d3b6d7a3925386507df9cee99ca8de309e3cf7",
  "pins" : [
    {
      "identity" : "sqlite.swift",
      "kind" : "remoteSourceControl",
      "location" : "https://github.com/stephencelis/SQLite.swift.git",
      "state" : {
        "revision" : "7a2e3cd27de56f6d396e84f63beefd0267b55ccb",
        "version" : "0.14.1"
      }
    }
  ],
  "version" : 3
}
