// !$*UTF8*$!
{
	archiveVersion = 1;
	classes = {
	};
	objectVersion = 77;
	objects = {

/* Begin PBXContainerItemProxy section */
		23BA77532D7F2B2500B4FD5D /* PBXContainerItemProxy */ = {
			isa = PBXContainerItemProxy;
			containerPortal = 23BA77392D7F2B2300B4FD5D /* Project object */;
			proxyType = 1;
			remoteGlobalIDString = 23BA77402D7F2B2300B4FD5D;
			remoteInfo = Janet;
		};
		23BA775D2D7F2B2500B4FD5D /* PBXContainerItemProxy */ = {
			isa = PBXContainerItemProxy;
			containerPortal = 23BA77392D7F2B2300B4FD5D /* Project object */;
			proxyType = 1;
			remoteGlobalIDString = 23BA77402D7F2B2300B4FD5D;
			remoteInfo = Janet;
		};
/* End PBXContainerItemProxy section */

/* Begin PBXFileReference section */
		23BA77412D7F2B2300B4FD5D /* Janet.app */ = {isa = PBXFileReference; explicitFileType = wrapper.application; includeInIndex = 0; path = Janet.app; sourceTree = BUILT_PRODUCTS_DIR; };
		23BA77522D7F2B2500B4FD5D /* JanetTests.xctest */ = {isa = PBXFileReference; explicitFileType = wrapper.cfbundle; includeInIndex = 0; path = JanetTests.xctest; sourceTree = BUILT_PRODUCTS_DIR; };
		23BA775C2D7F2B2500B4FD5D /* JanetUITests.xctest */ = {isa = PBXFileReference; explicitFileType = wrapper.cfbundle; includeInIndex = 0; path = JanetUITests.xctest; sourceTree = BUILT_PRODUCTS_DIR; };
/* End PBXFileReference section */

/* Begin PBXFileSystemSynchronizedRootGroup section */
		23BA77432D7F2B2300B4FD5D /* Janet */ = {
			isa = PBXFileSystemSynchronizedRootGroup;
			path = Janet;
			sourceTree = "<group>";
		};
		23BA77552D7F2B2500B4FD5D /* JanetTests */ = {
			isa = PBXFileSystemSynchronizedRootGroup;
			path = JanetTests;
			sourceTree = "<group>";
		};
		23BA775F2D7F2B2500B4FD5D /* JanetUITests */ = {
			isa = PBXFileSystemSynchronizedRootGroup;
			path = JanetUITests;
			sourceTree = "<group>";
		};
/* End PBXFileSystemSynchronizedRootGroup section */

/* Begin PBXFrameworksBuildPhase section */
		23BA773E2D7F2B2300B4FD5D /* Frameworks */ = {
			isa = PBXFrameworksBuildPhase;
			buildActionMask = 2147483647;
			files = (
			);
			runOnlyForDeploymentPostprocessing = 0;
		};
		23BA774F2D7F2B2500B4FD5D /* Frameworks */ = {
			isa = PBXFrameworksBuildPhase;
			buildActionMask = 2147483647;
			files = (
			);
			runOnlyForDeploymentPostprocessing = 0;
		};
		23BA77592D7F2B2500B4FD5D /* Frameworks */ = {
			isa = PBXFrameworksBuildPhase;
			buildActionMask = 2147483647;
			files = (
			);
			runOnlyForDeploymentPostprocessing = 0;
		};
/* End PBXFrameworksBuildPhase section */

/* Begin PBXGroup section */
		23BA77382D7F2B2300B4FD5D = {
			isa = PBXGroup;
			children = (
				23BA77432D7F2B2300B4FD5D /* Janet */,
				23BA77552D7F2B2500B4FD5D /* JanetTests */,
				23BA775F2D7F2B2500B4FD5D /* JanetUITests */,
				23BA77422D7F2B2300B4FD5D /* Products */,
			);
			sourceTree = "<group>";
		};
		23BA77422D7F2B2300B4FD5D /* Products */ = {
			isa = PBXGroup;
			children = (
				23BA77412D7F2B2300B4FD5D /* Janet.app */,
				23BA77522D7F2B2500B4FD5D /* JanetTests.xctest */,
				23BA775C2D7F2B2500B4FD5D /* JanetUITests.xctest */,
			);
			name = Products;
			sourceTree = "<group>";
		};
/* End PBXGroup section */

/* Begin PBXNativeTarget section */
		23BA77402D7F2B2300B4FD5D /* Janet */ = {
			isa = PBXNativeTarget;
			buildConfigurationList = 23BA77662D7F2B2500B4FD5D /* Build configuration list for PBXNativeTarget "Janet" */;
			buildPhases = (
				23BA773D2D7F2B2300B4FD5D /* Sources */,
				23BA773E2D7F2B2300B4FD5D /* Frameworks */,
				23BA773F2D7F2B2300B4FD5D /* Resources */,
			);
			buildRules = (
			);
			dependencies = (
			);
			fileSystemSynchronizedGroups = (
				23BA77432D7F2B2300B4FD5D /* Janet */,
			);
			name = Janet;
			packageProductDependencies = (
			);
			productName = Janet;
			productReference = 23BA77412D7F2B2300B4FD5D /* Janet.app */;
			productType = "com.apple.product-type.application";
		};
		23BA77512D7F2B2500B4FD5D /* JanetTests */ = {
			isa = PBXNativeTarget;
			buildConfigurationList = 23BA77692D7F2B2500B4FD5D /* Build configuration list for PBXNativeTarget "JanetTests" */;
			buildPhases = (
				23BA774E2D7F2B2500B4FD5D /* Sources */,
				23BA774F2D7F2B2500B4FD5D /* Frameworks */,
				23BA77502D7F2B2500B4FD5D /* Resources */,
			);
			buildRules = (
			);
			dependencies = (
				23BA77542D7F2B2500B4FD5D /* PBXTargetDependency */,
			);
			fileSystemSynchronizedGroups = (
				23BA77552D7F2B2500B4FD5D /* JanetTests */,
			);
			name = JanetTests;
			packageProductDependencies = (
			);
			productName = JanetTests;
			productReference = 23BA77522D7F2B2500B4FD5D /* JanetTests.xctest */;
			productType = "com.apple.product-type.bundle.unit-test";
		};
		23BA775B2D7F2B2500B4FD5D /* JanetUITests */ = {
			isa = PBXNativeTarget;
			buildConfigurationList = 23BA776C2D7F2B2500B4FD5D /* Build configuration list for PBXNativeTarget "JanetUITests" */;
			buildPhases = (
				23BA77582D7F2B2500B4FD5D /* Sources */,
				23BA77592D7F2B2500B4FD5D /* Frameworks */,
				23BA775A2D7F2B2500B4FD5D /* Resources */,
			);
			buildRules = (
			);
			dependencies = (
				23BA775E2D7F2B2500B4FD5D /* PBXTargetDependency */,
			);
			fileSystemSynchronizedGroups = (
				23BA775F2D7F2B2500B4FD5D /* JanetUITests */,
			);
			name = JanetUITests;
			packageProductDependencies = (
			);
			productName = JanetUITests;
			productReference = 23BA775C2D7F2B2500B4FD5D /* JanetUITests.xctest */;
			productType = "com.apple.product-type.bundle.ui-testing";
		};
/* End PBXNativeTarget section */

/* Begin PBXProject section */
		23BA77392D7F2B2300B4FD5D /* Project object */ = {
			isa = PBXProject;
			attributes = {
				BuildIndependentTargetsInParallel = 1;
				LastSwiftUpdateCheck = 1620;
				LastUpgradeCheck = 1620;
				TargetAttributes = {
					23BA77402D7F2B2300B4FD5D = {
						CreatedOnToolsVersion = 16.2;
					};
					23BA77512D7F2B2500B4FD5D = {
						CreatedOnToolsVersion = 16.2;
						TestTargetID = 23BA77402D7F2B2300B4FD5D;
					};
					23BA775B2D7F2B2500B4FD5D = {
						CreatedOnToolsVersion = 16.2;
						TestTargetID = 23BA77402D7F2B2300B4FD5D;
					};
				};
			};
			buildConfigurationList = 23BA773C2D7F2B2300B4FD5D /* Build configuration list for PBXProject "Janet" */;
			developmentRegion = en;
			hasScannedForEncodings = 0;
			knownRegions = (
				en,
				Base,
			);
			mainGroup = 23BA77382D7F2B2300B4FD5D;
			minimizedProjectReferenceProxies = 1;
			preferredProjectObjectVersion = 77;
			productRefGroup = 23BA77422D7F2B2300B4FD5D /* Products */;
			projectDirPath = "";
			projectRoot = "";
			targets = (
				23BA77402D7F2B2300B4FD5D /* Janet */,
				23BA77512D7F2B2500B4FD5D /* JanetTests */,
				23BA775B2D7F2B2500B4FD5D /* JanetUITests */,
			);
		};
/* End PBXProject section */

/* Begin PBXResourcesBuildPhase section */
		23BA773F2D7F2B2300B4FD5D /* Resources */ = {
			isa = PBXResourcesBuildPhase;
			buildActionMask = 2147483647;
			files = (
			);
			runOnlyForDeploymentPostprocessing = 0;
		};
		23BA77502D7F2B2500B4FD5D /* Resources */ = {
			isa = PBXResourcesBuildPhase;
			buildActionMask = 2147483647;
			files = (
			);
			runOnlyForDeploymentPostprocessing = 0;
		};
		23BA775A2D7F2B2500B4FD5D /* Resources */ = {
			isa = PBXResourcesBuildPhase;
			buildActionMask = 2147483647;
			files = (
			);
			runOnlyForDeploymentPostprocessing = 0;
		};
/* End PBXResourcesBuildPhase section */

/* Begin PBXSourcesBuildPhase section */
		23BA773D2D7F2B2300B4FD5D /* Sources */ = {
			isa = PBXSourcesBuildPhase;
			buildActionMask = 2147483647;
			files = (
			);
			runOnlyForDeploymentPostprocessing = 0;
		};
		23BA774E2D7F2B2500B4FD5D /* Sources */ = {
			isa = PBXSourcesBuildPhase;
			buildActionMask = 2147483647;
			files = (
			);
			runOnlyForDeploymentPostprocessing = 0;
		};
		23BA77582D7F2B2500B4FD5D /* Sources */ = {
			isa = PBXSourcesBuildPhase;
			buildActionMask = 2147483647;
			files = (
			);
			runOnlyForDeploymentPostprocessing = 0;
		};
/* End PBXSourcesBuildPhase section */

/* Begin PBXTargetDependency section */
		23BA77542D7F2B2500B4FD5D /* PBXTargetDependency */ = {
			isa = PBXTargetDependency;
			target = 23BA77402D7F2B2300B4FD5D /* Janet */;
			targetProxy = 23BA77532D7F2B2500B4FD5D /* PBXContainerItemProxy */;
		};
		23BA775E2D7F2B2500B4FD5D /* PBXTargetDependency */ = {
			isa = PBXTargetDependency;
			target = 23BA77402D7F2B2300B4FD5D /* Janet */;
			targetProxy = 23BA775D2D7F2B2500B4FD5D /* PBXContainerItemProxy */;
		};
/* End PBXTargetDependency section */

/* Begin XCBuildConfiguration section */
		23BA77642D7F2B2500B4FD5D /* Debug */ = {
			isa = XCBuildConfiguration;
			buildSettings = {
				ALWAYS_SEARCH_USER_PATHS = NO;
				ASSETCATALOG_COMPILER_GENERATE_SWIFT_ASSET_SYMBOL_EXTENSIONS = YES;
				CLANG_ANALYZER_NONNULL = YES;
				CLANG_ANALYZER_NUMBER_OBJECT_CONVERSION = YES_AGGRESSIVE;
				CLANG_CXX_LANGUAGE_STANDARD = "gnu++20";
				CLANG_ENABLE_MODULES = YES;
				CLANG_ENABLE_OBJC_ARC = YES;
				CLANG_ENABLE_OBJC_WEAK = YES;
				CLANG_WARN_BLOCK_CAPTURE_AUTORELEASING = YES;
				CLANG_WARN_BOOL_CONVERSION = YES;
				CLANG_WARN_COMMA = YES;
				CLANG_WARN_CONSTANT_CONVERSION = YES;
				CLANG_WARN_DEPRECATED_OBJC_IMPLEMENTATIONS = YES;
				CLANG_WARN_DIRECT_OBJC_ISA_USAGE = YES_ERROR;
				CLANG_WARN_DOCUMENTATION_COMMENTS = YES;
				CLANG_WARN_EMPTY_BODY = YES;
				CLANG_WARN_ENUM_CONVERSION = YES;
				CLANG_WARN_INFINITE_RECURSION = YES;
				CLANG_WARN_INT_CONVERSION = YES;
				CLANG_WARN_NON_LITERAL_NULL_CONVERSION = YES;
				CLANG_WARN_OBJC_IMPLICIT_RETAIN_SELF = YES;
				CLANG_WARN_OBJC_LITERAL_CONVERSION = YES;
				CLANG_WARN_OBJC_ROOT_CLASS = YES_ERROR;
				CLANG_WARN_QUOTED_INCLUDE_IN_FRAMEWORK_HEADER = YES;
				CLANG_WARN_RANGE_LOOP_ANALYSIS = YES;
				CLANG_WARN_STRICT_PROTOTYPES = YES;
				CLANG_WARN_SUSPICIOUS_MOVE = YES;
				CLANG_WARN_UNGUARDED_AVAILABILITY = YES_AGGRESSIVE;
				CLANG_WARN_UNREACHABLE_CODE = YES;
				CLANG_WARN__DUPLICATE_METHOD_MATCH = YES;
				COPY_PHASE_STRIP = NO;
				DEBUG_INFORMATION_FORMAT = dwarf;
				ENABLE_STRICT_OBJC_MSGSEND = YES;
				ENABLE_TESTABILITY = YES;
				ENABLE_USER_SCRIPT_SANDBOXING = YES;
				GCC_C_LANGUAGE_STANDARD = gnu17;
				GCC_DYNAMIC_NO_PIC = NO;
				GCC_NO_COMMON_BLOCKS = YES;
				GCC_OPTIMIZATION_LEVEL = 0;
				GCC_PREPROCESSOR_DEFINITIONS = (
					"DEBUG=1",
					"$(inherited)",
				);
				GCC_WARN_64_TO_32_BIT_CONVERSION = YES;
				GCC_WARN_ABOUT_RETURN_TYPE = YES_ERROR;
				GCC_WARN_UNDECLARED_SELECTOR = YES;
				GCC_WARN_UNINITIALIZED_AUTOS = YES_AGGRESSIVE;
				GCC_WARN_UNUSED_FUNCTION = YES;
				GCC_WARN_UNUSED_VARIABLE = YES;
				LOCALIZATION_PREFERS_STRING_CATALOGS = YES;
				MACOSX_DEPLOYMENT_TARGET = 15.2;
				MTL_ENABLE_DEBUG_INFO = INCLUDE_SOURCE;
				MTL_FAST_MATH = YES;
				ONLY_ACTIVE_ARCH = YES;
				SDKROOT = macosx;
				SWIFT_ACTIVE_COMPILATION_CONDITIONS = "DEBUG $(inherited)";
				SWIFT_OPTIMIZATION_LEVEL = "-Onone";
			};
			name = Debug;
		};
		23BA77652D7F2B2500B4FD5D /* Release */ = {
			isa = XCBuildConfiguration;
			buildSettings = {
				ALWAYS_SEARCH_USER_PATHS = NO;
				ASSETCATALOG_COMPILER_GENERATE_SWIFT_ASSET_SYMBOL_EXTENSIONS = YES;
				CLANG_ANALYZER_NONNULL = YES;
				CLANG_ANALYZER_NUMBER_OBJECT_CONVERSION = YES_AGGRESSIVE;
				CLANG_CXX_LANGUAGE_STANDARD = "gnu++20";
				CLANG_ENABLE_MODULES = YES;
				CLANG_ENABLE_OBJC_ARC = YES;
				CLANG_ENABLE_OBJC_WEAK = YES;
				CLANG_WARN_BLOCK_CAPTURE_AUTORELEASING = YES;
				CLANG_WARN_BOOL_CONVERSION = YES;
				CLANG_WARN_COMMA = YES;
				CLANG_WARN_CONSTANT_CONVERSION = YES;
				CLANG_WARN_DEPRECATED_OBJC_IMPLEMENTATIONS = YES;
				CLANG_WARN_DIRECT_OBJC_ISA_USAGE = YES_ERROR;
				CLANG_WARN_DOCUMENTATION_COMMENTS = YES;
				CLANG_WARN_EMPTY_BODY = YES;
				CLANG_WARN_ENUM_CONVERSION = YES;
				CLANG_WARN_INFINITE_RECURSION = YES;
				CLANG_WARN_INT_CONVERSION = YES;
				CLANG_WARN_NON_LITERAL_NULL_CONVERSION = YES;
				CLANG_WARN_OBJC_IMPLICIT_RETAIN_SELF = YES;
				CLANG_WARN_OBJC_LITERAL_CONVERSION = YES;
				CLANG_WARN_OBJC_ROOT_CLASS = YES_ERROR;
				CLANG_WARN_QUOTED_INCLUDE_IN_FRAMEWORK_HEADER = YES;
				CLANG_WARN_RANGE_LOOP_ANALYSIS = YES;
				CLANG_WARN_STRICT_PROTOTYPES = YES;
				CLANG_WARN_SUSPICIOUS_MOVE = YES;
				CLANG_WARN_UNGUARDED_AVAILABILITY = YES_AGGRESSIVE;
				CLANG_WARN_UNREACHABLE_CODE = YES;
				CLANG_WARN__DUPLICATE_METHOD_MATCH = YES;
				COPY_PHASE_STRIP = NO;
				DEBUG_INFORMATION_FORMAT = "dwarf-with-dsym";
				ENABLE_NS_ASSERTIONS = NO;
				ENABLE_STRICT_OBJC_MSGSEND = YES;
				ENABLE_USER_SCRIPT_SANDBOXING = YES;
				GCC_C_LANGUAGE_STANDARD = gnu17;
				GCC_NO_COMMON_BLOCKS = YES;
				GCC_WARN_64_TO_32_BIT_CONVERSION = YES;
				GCC_WARN_ABOUT_RETURN_TYPE = YES_ERROR;
				GCC_WARN_UNDECLARED_SELECTOR = YES;
				GCC_WARN_UNINITIALIZED_AUTOS = YES_AGGRESSIVE;
				GCC_WARN_UNUSED_FUNCTION = YES;
				GCC_WARN_UNUSED_VARIABLE = YES;
				LOCALIZATION_PREFERS_STRING_CATALOGS = YES;
				MACOSX_DEPLOYMENT_TARGET = 15.2;
				MTL_ENABLE_DEBUG_INFO = NO;
				MTL_FAST_MATH = YES;
				SDKROOT = macosx;
				SWIFT_COMPILATION_MODE = wholemodule;
			};
			name = Release;
		};
		23BA77672D7F2B2500B4FD5D /* Debug */ = {
			isa = XCBuildConfiguration;
			buildSettings = {
				ASSETCATALOG_COMPILER_APPICON_NAME = AppIcon;
				ASSETCATALOG_COMPILER_GLOBAL_ACCENT_COLOR_NAME = AccentColor;
				CODE_SIGN_ENTITLEMENTS = Janet/Janet.entitlements;
				CODE_SIGN_STYLE = Automatic;
				COMBINE_HIDPI_IMAGES = YES;
				CURRENT_PROJECT_VERSION = 1;
				DEVELOPMENT_ASSET_PATHS = "\"Janet/Preview Content\"";
				DEVELOPMENT_TEAM = VV7N83X7GR;
				ENABLE_HARDENED_RUNTIME = YES;
				ENABLE_PREVIEWS = YES;
				GENERATE_INFOPLIST_FILE = YES;
				INFOPLIST_KEY_NSHumanReadableCopyright = "";
				LD_RUNPATH_SEARCH_PATHS = (
					"$(inherited)",
					"@executable_path/../Frameworks",
				);
				MARKETING_VERSION = 1.0;
				PRODUCT_BUNDLE_IDENTIFIER = com.FolkAI.Janet;
				PRODUCT_NAME = "$(TARGET_NAME)";
				SWIFT_EMIT_LOC_STRINGS = YES;
				SWIFT_VERSION = 5.0;
			};
			name = Debug;
		};
		23BA77682D7F2B2500B4FD5D /* Release */ = {
			isa = XCBuildConfiguration;
			buildSettings = {
				ASSETCATALOG_COMPILER_APPICON_NAME = AppIcon;
				ASSETCATALOG_COMPILER_GLOBAL_ACCENT_COLOR_NAME = AccentColor;
				CODE_SIGN_ENTITLEMENTS = Janet/Janet.entitlements;
				CODE_SIGN_STYLE = Automatic;
				COMBINE_HIDPI_IMAGES = YES;
				CURRENT_PROJECT_VERSION = 1;
				DEVELOPMENT_ASSET_PATHS = "\"Janet/Preview Content\"";
				DEVELOPMENT_TEAM = VV7N83X7GR;
				ENABLE_HARDENED_RUNTIME = YES;
				ENABLE_PREVIEWS = YES;
				GENERATE_INFOPLIST_FILE = YES;
				INFOPLIST_KEY_NSHumanReadableCopyright = "";
				LD_RUNPATH_SEARCH_PATHS = (
					"$(inherited)",
					"@executable_path/../Frameworks",
				);
				MARKETING_VERSION = 1.0;
				PRODUCT_BUNDLE_IDENTIFIER = com.FolkAI.Janet;
				PRODUCT_NAME = "$(TARGET_NAME)";
				SWIFT_EMIT_LOC_STRINGS = YES;
				SWIFT_VERSION = 5.0;
			};
			name = Release;
		};
		23BA776A2D7F2B2500B4FD5D /* Debug */ = {
			isa = XCBuildConfiguration;
			buildSettings = {
				BUNDLE_LOADER = "$(TEST_HOST)";
				CODE_SIGN_STYLE = Automatic;
				CURRENT_PROJECT_VERSION = 1;
				DEVELOPMENT_TEAM = VV7N83X7GR;
				GENERATE_INFOPLIST_FILE = YES;
				MACOSX_DEPLOYMENT_TARGET = 15.2;
				MARKETING_VERSION = 1.0;
				PRODUCT_BUNDLE_IDENTIFIER = com.FolkAI.JanetTests;
				PRODUCT_NAME = "$(TARGET_NAME)";
				SWIFT_EMIT_LOC_STRINGS = NO;
				SWIFT_VERSION = 5.0;
				TEST_HOST = "$(BUILT_PRODUCTS_DIR)/Janet.app/$(BUNDLE_EXECUTABLE_FOLDER_PATH)/Janet";
			};
			name = Debug;
		};
		23BA776B2D7F2B2500B4FD5D /* Release */ = {
			isa = XCBuildConfiguration;
			buildSettings = {
				BUNDLE_LOADER = "$(TEST_HOST)";
				CODE_SIGN_STYLE = Automatic;
				CURRENT_PROJECT_VERSION = 1;
				DEVELOPMENT_TEAM = VV7N83X7GR;
				GENERATE_INFOPLIST_FILE = YES;
				MACOSX_DEPLOYMENT_TARGET = 15.2;
				MARKETING_VERSION = 1.0;
				PRODUCT_BUNDLE_IDENTIFIER = com.FolkAI.JanetTests;
				PRODUCT_NAME = "$(TARGET_NAME)";
				SWIFT_EMIT_LOC_STRINGS = NO;
				SWIFT_VERSION = 5.0;
				TEST_HOST = "$(BUILT_PRODUCTS_DIR)/Janet.app/$(BUNDLE_EXECUTABLE_FOLDER_PATH)/Janet";
			};
			name = Release;
		};
		23BA776D2D7F2B2500B4FD5D /* Debug */ = {
			isa = XCBuildConfiguration;
			buildSettings = {
				CODE_SIGN_STYLE = Automatic;
				CURRENT_PROJECT_VERSION = 1;
				DEVELOPMENT_TEAM = VV7N83X7GR;
				GENERATE_INFOPLIST_FILE = YES;
				MARKETING_VERSION = 1.0;
				PRODUCT_BUNDLE_IDENTIFIER = com.FolkAI.JanetUITests;
				PRODUCT_NAME = "$(TARGET_NAME)";
				SWIFT_EMIT_LOC_STRINGS = NO;
				SWIFT_VERSION = 5.0;
				TEST_TARGET_NAME = Janet;
			};
			name = Debug;
		};
		23BA776E2D7F2B2500B4FD5D /* Release */ = {
			isa = XCBuildConfiguration;
			buildSettings = {
				CODE_SIGN_STYLE = Automatic;
				CURRENT_PROJECT_VERSION = 1;
				DEVELOPMENT_TEAM = VV7N83X7GR;
				GENERATE_INFOPLIST_FILE = YES;
				MARKETING_VERSION = 1.0;
				PRODUCT_BUNDLE_IDENTIFIER = com.FolkAI.JanetUITests;
				PRODUCT_NAME = "$(TARGET_NAME)";
				SWIFT_EMIT_LOC_STRINGS = NO;
				SWIFT_VERSION = 5.0;
				TEST_TARGET_NAME = Janet;
			};
			name = Release;
		};
/* End XCBuildConfiguration section */

/* Begin XCConfigurationList section */
		23BA773C2D7F2B2300B4FD5D /* Build configuration list for PBXProject "Janet" */ = {
			isa = XCConfigurationList;
			buildConfigurations = (
				23BA77642D7F2B2500B4FD5D /* Debug */,
				23BA77652D7F2B2500B4FD5D /* Release */,
			);
			defaultConfigurationIsVisible = 0;
			defaultConfigurationName = Release;
		};
		23BA77662D7F2B2500B4FD5D /* Build configuration list for PBXNativeTarget "Janet" */ = {
			isa = XCConfigurationList;
			buildConfigurations = (
				23BA77672D7F2B2500B4FD5D /* Debug */,
				23BA77682D7F2B2500B4FD5D /* Release */,
			);
			defaultConfigurationIsVisible = 0;
			defaultConfigurationName = Release;
		};
		23BA77692D7F2B2500B4FD5D /* Build configuration list for PBXNativeTarget "JanetTests" */ = {
			isa = XCConfigurationList;
			buildConfigurations = (
				23BA776A2D7F2B2500B4FD5D /* Debug */,
				23BA776B2D7F2B2500B4FD5D /* Release */,
			);
			defaultConfigurationIsVisible = 0;
			defaultConfigurationName = Release;
		};
		23BA776C2D7F2B2500B4FD5D /* Build configuration list for PBXNativeTarget "JanetUITests" */ = {
			isa = XCConfigurationList;
			buildConfigurations = (
				23BA776D2D7F2B2500B4FD5D /* Debug */,
				23BA776E2D7F2B2500B4FD5D /* Release */,
			);
			defaultConfigurationIsVisible = 0;
			defaultConfigurationName = Release;
		};
/* End XCConfigurationList section */
	};
	rootObject = 23BA77392D7F2B2300B4FD5D /* Project object */;
}
